# @generated by Move, please check-in and do not edit manually.

[move]
version = 2
manifest_digest = "230D9B063E8DDFE2C348CA9B47149606B02E0245BCF9C838B12E8F4810C7CE6E"
deps_digest = "F8BBB0CCB2491CA29A3DF03D6F92277A4F3574266507ACD77214D37ECA3F3082"
dependencies = [
  { name = "Sui" },
]

[[move.package]]
name = "MoveStdlib"
source = { git = "https://github.com/MystenLabs/sui.git", rev = "framework/testnet", subdir = "crates/sui-framework/packages/move-stdlib" }

[[move.package]]
name = "Sui"
source = { git = "https://github.com/MystenLabs/sui.git", rev = "framework/testnet", subdir = "crates/sui-framework/packages/sui-framework" }

dependencies = [
  { name = "MoveStdlib" },
]

[move.toolchain-version]
compiler-version = "1.27.2"
edition = "2024.beta"
flavor = "sui"

[env]

[env.testnet]
chain-id = "4c78adac"
original-published-id = "0x4c4377145be466affcf93d49a9215d6911625395302b8654e1ab00ba8a3157f2"
latest-published-id = "0x4c4377145be466affcf93d49a9215d6911625395302b8654e1ab00ba8a3157f2"
published-version = "1"
